// !$*UTF8*$!
{
	archiveVersion = 1;
	classes = {
	};
	objectVersion = 55;
	objects = {

/* Begin PBXBuildFile section */
		BEA06C8D275093F400D05553 /* AppDelegate.swift in Sources */ = {isa = PBXBuildFile; fileRef = BEA06C8C275093F400D05553 /* AppDelegate.swift */; };
		BEA06C8F275093F400D05553 /* SceneDelegate.swift in Sources */ = {isa = PBXBuildFile; fileRef = BEA06C8E275093F400D05553 /* SceneDelegate.swift */; };
		BEA06C91275093F400D05553 /* ViewController.swift in Sources */ = {isa = PBXBuildFile; fileRef = BEA06C90275093F400D05553 /* ViewController.swift */; };
		BEA06C94275093F400D05553 /* Main.storyboard in Resources */ = {isa = PBXBuildFile; fileRef = BEA06C92275093F400D05553 /* Main.storyboard */; };
		BEA06C96275093F600D05553 /* Assets.xcassets in Resources */ = {isa = PBXBuildFile; fileRef = BEA06C95275093F600D05553 /* Assets.xcassets */; };
		BEA06C99275093F600D05553 /* LaunchScreen.storyboard in Resources */ = {isa = PBXBuildFile; fileRef = BEA06C97275093F600D05553 /* LaunchScreen.storyboard */; };
		BEA06CA62750945A00D05553 /* Employee.swift in Sources */ = {isa = PBXBuildFile; fileRef = BEA06CA52750945A00D05553 /* Employee.swift */; };
		BEA06CA82750947A00D05553 /* EmployeeViewModel.swift in Sources */ = {isa = PBXBuildFile; fileRef = BEA06CA72750947A00D05553 /* EmployeeViewModel.swift */; };
		BEA06CAA2750948700D05553 /* APIService.swift in Sources */ = {isa = PBXBuildFile; fileRef = BEA06CA92750948700D05553 /* APIService.swift */; };
/* End PBXBuildFile section */

/* Begin PBXFileReference section */
		BEA06C89275093F400D05553 /* EmployeesDemo.app */ = {isa = PBXFileReference; explicitFileType = wrapper.application; includeInIndex = 0; path = EmployeesDemo.app; sourceTree = BUILT_PRODUCTS_DIR; };
		BEA06C8C275093F400D05553 /* AppDelegate.swift */ = {isa = PBXFileReference; lastKnownFileType = sourcecode.swift; path = AppDelegate.swift; sourceTree = "<group>"; };
		BEA06C8E275093F400D05553 /* SceneDelegate.swift */ = {isa = PBXFileReference; lastKnownFileType = sourcecode.swift; path = SceneDelegate.swift; sourceTree = "<group>"; };
		BEA06C90275093F400D05553 /* ViewController.swift */ = {isa = PBXFileReference; lastKnownFileType = sourcecode.swift; path = ViewController.swift; sourceTree = "<group>"; };
		BEA06C93275093F400D05553 /* Base */ = {isa = PBXFileReference; lastKnownFileType = file.storyboard; name = Base; path = Base.lproj/Main.storyboard; sourceTree = "<group>"; };
		BEA06C95275093F600D05553 /* Assets.xcassets */ = {isa = PBXFileReference; lastKnownFileType = folder.assetcatalog; path = Assets.xcassets; sourceTree = "<group>"; };
		BEA06C98275093F600D05553 /* Base */ = {isa = PBXFileReference; lastKnownFileType = file.storyboard; name = Base; path = Base.lproj/LaunchScreen.storyboard; sourceTree = "<group>"; };
		BEA06C9A275093F600D05553 /* Info.plist */ = {isa = PBXFileReference; lastKnownFileType = text.plist.xml; path = Info.plist; sourceTree = "<group>"; };
		BEA06CA52750945A00D05553 /* Employee.swift */ = {isa = PBXFileReference; lastKnownFileType = sourcecode.swift; path = Employee.swift; sourceTree = "<group>"; };
		BEA06CA72750947A00D05553 /* EmployeeViewModel.swift */ = {isa = PBXFileReference; lastKnownFileType = sourcecode.swift; path = EmployeeViewModel.swift; sourceTree = "<group>"; };
		BEA06CA92750948700D05553 /* APIService.swift */ = {isa = PBXFileReference; lastKnownFileType = sourcecode.swift; path = APIService.swift; sourceTree = "<group>"; };
/* End PBXFileReference section */

/* Begin PBXFrameworksBuildPhase section */
		BEA06C86275093F400D05553 /* Frameworks */ = {
			isa = PBXFrameworksBuildPhase;
			buildActionMask = 2147483647;
			files = (
			);
			runOnlyForDeploymentPostprocessing = 0;
		};
/* End PBXFrameworksBuildPhase section */

/* Begin PBXGroup section */
		BEA06C80275093F400D05553 = {
			isa = PBXGroup;
			children = (
				BEA06C8B275093F400D05553 /* EmployeesDemo */,
				BEA06C8A275093F400D05553 /* Products */,
			);
			sourceTree = "<group>";
		};
		BEA06C8A275093F400D05553 /* Products */ = {
			isa = PBXGroup;
			children = (
				BEA06C89275093F400D05553 /* EmployeesDemo.app */,
			);
			name = Products;
			sourceTree = "<group>";
		};
		BEA06C8B275093F400D05553 /* EmployeesDemo */ = {
			isa = PBXGroup;
			children = (
				BEA06CA42750943600D05553 /* Controllers */,
				BEA06CA32750943200D05553 /* Common */,
				BEA06CA22750942900D05553 /* Model */,
				BEA06CA12750942100D05553 /* ViewModel */,
				BEA06CA02750941400D05553 /* Networking */,
				BEA06C92275093F400D05553 /* Main.storyboard */,
				BEA06C95275093F600D05553 /* Assets.xcassets */,
				BEA06C97275093F600D05553 /* LaunchScreen.storyboard */,
				BEA06C9A275093F600D05553 /* Info.plist */,
			);
			path = EmployeesDemo;
			sourceTree = "<group>";
		};
		BEA06CA02750941400D05553 /* Networking */ = {
			isa = PBXGroup;
			children = (
				BEA06CA92750948700D05553 /* APIService.swift */,
			);
			path = Networking;
			sourceTree = "<group>";
		};
		BEA06CA12750942100D05553 /* ViewModel */ = {
			isa = PBXGroup;
			children = (
				BEA06CA72750947A00D05553 /* EmployeeViewModel.swift */,
			);
			path = ViewModel;
			sourceTree = "<group>";
		};
		BEA06CA22750942900D05553 /* Model */ = {
			isa = PBXGroup;
			children = (
				BEA06CA52750945A00D05553 /* Employee.swift */,
			);
			path = Model;
			sourceTree = "<group>";
		};
		BEA06CA32750943200D05553 /* Common */ = {
			isa = PBXGroup;
			children = (
				BEA06C8C275093F400D05553 /* AppDelegate.swift */,
				BEA06C8E275093F400D05553 /* SceneDelegate.swift */,
			);
			path = Common;
			sourceTree = "<group>";
		};
		BEA06CA42750943600D05553 /* Controllers */ = {
			isa = PBXGroup;
			children = (
				BEA06C90275093F400D05553 /* ViewController.swift */,
			);
			path = Controllers;
			sourceTree = "<group>";
		};
/* End PBXGroup section */

/* Begin PBXNativeTarget section */
		BEA06C88275093F400D05553 /* EmployeesDemo */ = {
			isa = PBXNativeTarget;
			buildConfigurationList = BEA06C9D275093F600D05553 /* Build configuration list for PBXNativeTarget "EmployeesDemo" */;
			buildPhases = (
				BEA06C85275093F400D05553 /* Sources */,
				BEA06C86275093F400D05553 /* Frameworks */,
				BEA06C87275093F400D05553 /* Resources */,
			);
			buildRules = (
			);
			dependencies = (
			);
			name = EmployeesDemo;
			productName = EmployeesDemo;
			productReference = BEA06C89275093F400D05553 /* EmployeesDemo.app */;
			productType = "com.apple.product-type.application";
		};
/* End PBXNativeTarget section */

/* Begin PBXProject section */
		BEA06C81275093F400D05553 /* Project object */ = {
			isa = PBXProject;
			attributes = {
				BuildIndependentTargetsInParallel = 1;
				LastSwiftUpdateCheck = 1310;
				LastUpgradeCheck = 1310;
				TargetAttributes = {
					BEA06C88275093F400D05553 = {
						CreatedOnToolsVersion = 13.1;
					};
				};
			};
			buildConfigurationList = BEA06C84275093F400D05553 /* Build configuration list for PBXProject "EmployeesDemo" */;
			compatibilityVersion = "Xcode 13.0";
			developmentRegion = en;
			hasScannedForEncodings = 0;
			knownRegions = (
				en,
				Base,
			);
			mainGroup = BEA06C80275093F400D05553;
			productRefGroup = BEA06C8A275093F400D05553 /* Products */;
			projectDirPath = "";
			projectRoot = "";
			targets = (
				BEA06C88275093F400D05553 /* EmployeesDemo */,
			);
		};
/* End PBXProject section */

/* Begin PBXResourcesBuildPhase section */
		BEA06C87275093F400D05553 /* Resources */ = {
			isa = PBXResourcesBuildPhase;
			buildActionMask = 2147483647;
			files = (
				BEA06C99275093F600D05553 /* LaunchScreen.storyboard in Resources */,
				BEA06C96275093F600D05553 /* Assets.xcassets in Resources */,
				BEA06C94275093F400D05553 /* Main.storyboard in Resources */,
			);
			runOnlyForDeploymentPostprocessing = 0;
		};
/* End PBXResourcesBuildPhase section */

/* Begin PBXSourcesBuildPhase section */
		BEA06C85275093F400D05553 /* Sources */ = {
			isa = PBXSourcesBuildPhase;
			buildActionMask = 2147483647;
			files = (
				BEA06C91275093F400D05553 /* ViewController.swift in Sources */,
				BEA06CA62750945A00D05553 /* Employee.swift in Sources */,
				BEA06C8D275093F400D05553 /* AppDelegate.swift in Sources */,
				BEA06CA82750947A00D05553 /* EmployeeViewModel.swift in Sources */,
				BEA06CAA2750948700D05553 /* APIService.swift in Sources */,
				BEA06C8F275093F400D05553 /* SceneDelegate.swift in Sources */,
			);
			runOnlyForDeploymentPostprocessing = 0;
		};
/* End PBXSourcesBuildPhase section */

/* Begin PBXVariantGroup section */
		BEA06C92275093F400D05553 /* Main.storyboard */ = {
			isa = PBXVariantGroup;
			children = (
				BEA06C93275093F400D05553 /* Base */,
			);
			name = Main.storyboard;
			sourceTree = "<group>";
		};
		BEA06C97275093F600D05553 /* LaunchScreen.storyboard */ = {
			isa = PBXVariantGroup;
			children = (
				BEA06C98275093F600D05553 /* Base */,
			);
			name = LaunchScreen.storyboard;
			sourceTree = "<group>";
		};
/* End PBXVariantGroup section */

/* Begin XCBuildConfiguration section */
		BEA06C9B275093F600D05553 /* Debug */ = {
			isa = XCBuildConfiguration;
			buildSettings = {
				ALWAYS_SEARCH_USER_PATHS = NO;
				CLANG_ANALYZER_NONNULL = YES;
				CLANG_ANALYZER_NUMBER_OBJECT_CONVERSION = YES_AGGRESSIVE;
				CLANG_CXX_LANGUAGE_STANDARD = "gnu++17";
				CLANG_CXX_LIBRARY = "libc++";
				CLANG_ENABLE_MODULES = YES;
				CLANG_ENABLE_OBJC_ARC = YES;
				CLANG_ENABLE_OBJC_WEAK = YES;
				CLANG_WARN_BLOCK_CAPTURE_AUTORELEASING = YES;
				CLANG_WARN_BOOL_CONVERSION = YES;
				CLANG_WARN_COMMA = YES;
				CLANG_WARN_CONSTANT_CONVERSION = YES;
				CLANG_WARN_DEPRECATED_OBJC_IMPLEMENTATIONS = YES;
				CLANG_WARN_DIRECT_OBJC_ISA_USAGE = YES_ERROR;
				CLANG_WARN_DOCUMENTATION_COMMENTS = YES;
				CLANG_WARN_EMPTY_BODY = YES;
				CLANG_WARN_ENUM_CONVERSION = YES;
				CLANG_WARN_INFINITE_RECURSION = YES;
				CLANG_WARN_INT_CONVERSION = YES;
				CLANG_WARN_NON_LITERAL_NULL_CONVERSION = YES;
				CLANG_WARN_OBJC_IMPLICIT_RETAIN_SELF = YES;
				CLANG_WARN_OBJC_LITERAL_CONVERSION = YES;
				CLANG_WARN_OBJC_ROOT_CLASS = YES_ERROR;
				CLANG_WARN_QUOTED_INCLUDE_IN_FRAMEWORK_HEADER = YES;
				CLANG_WARN_RANGE_LOOP_ANALYSIS = YES;
				CLANG_WARN_STRICT_PROTOTYPES = YES;
				CLANG_WARN_SUSPICIOUS_MOVE = YES;
				CLANG_WARN_UNGUARDED_AVAILABILITY = YES_AGGRESSIVE;
				CLANG_WARN_UNREACHABLE_CODE = YES;
				CLANG_WARN__DUPLICATE_METHOD_MATCH = YES;
				COPY_PHASE_STRIP = NO;
				DEBUG_INFORMATION_FORMAT = dwarf;
				ENABLE_STRICT_OBJC_MSGSEND = YES;
				ENABLE_TESTABILITY = YES;
				GCC_C_LANGUAGE_STANDARD = gnu11;
				GCC_DYNAMIC_NO_PIC = NO;
				GCC_NO_COMMON_BLOCKS = YES;
				GCC_OPTIMIZATION_LEVEL = 0;
				GCC_PREPROCESSOR_DEFINITIONS = (
					"DEBUG=1",
					"$(inherited)",
				);
				GCC_WARN_64_TO_32_BIT_CONVERSION = YES;
				GCC_WARN_ABOUT_RETURN_TYPE = YES_ERROR;
				GCC_WARN_UNDECLARED_SELECTOR = YES;
				GCC_WARN_UNINITIALIZED_AUTOS = YES_AGGRESSIVE;
				GCC_WARN_UNUSED_FUNCTION = YES;
				GCC_WARN_UNUSED_VARIABLE = YES;
				IPHONEOS_DEPLOYMENT_TARGET = 15.0;
				MTL_ENABLE_DEBUG_INFO = INCLUDE_SOURCE;
				MTL_FAST_MATH = YES;
				ONLY_ACTIVE_ARCH = YES;
				SDKROOT = iphoneos;
				SWIFT_ACTIVE_COMPILATION_CONDITIONS = DEBUG;
				SWIFT_OPTIMIZATION_LEVEL = "-Onone";
			};
			name = Debug;
		};
		BEA06C9C275093F600D05553 /* Release */ = {
			isa = XCBuildConfiguration;
			buildSettings = {
				ALWAYS_SEARCH_USER_PATHS = NO;
				CLANG_ANALYZER_NONNULL = YES;
				CLANG_ANALYZER_NUMBER_OBJECT_CONVERSION = YES_AGGRESSIVE;
				CLANG_CXX_LANGUAGE_STANDARD = "gnu++17";
				CLANG_CXX_LIBRARY = "libc++";
				CLANG_ENABLE_MODULES = YES;
				CLANG_ENABLE_OBJC_ARC = YES;
				CLANG_ENABLE_OBJC_WEAK = YES;
				CLANG_WARN_BLOCK_CAPTURE_AUTORELEASING = YES;
				CLANG_WARN_BOOL_CONVERSION = YES;
				CLANG_WARN_COMMA = YES;
				CLANG_WARN_CONSTANT_CONVERSION = YES;
				CLANG_WARN_DEPRECATED_OBJC_IMPLEMENTATIONS = YES;
				CLANG_WARN_DIRECT_OBJC_ISA_USAGE = YES_ERROR;
				CLANG_WARN_DOCUMENTATION_COMMENTS = YES;
				CLANG_WARN_EMPTY_BODY = YES;
				CLANG_WARN_ENUM_CONVERSION = YES;
				CLANG_WARN_INFINITE_RECURSION = YES;
				CLANG_WARN_INT_CONVERSION = YES;
				CLANG_WARN_NON_LITERAL_NULL_CONVERSION = YES;
				CLANG_WARN_OBJC_IMPLICIT_RETAIN_SELF = YES;
				CLANG_WARN_OBJC_LITERAL_CONVERSION = YES;
				CLANG_WARN_OBJC_ROOT_CLASS = YES_ERROR;
				CLANG_WARN_QUOTED_INCLUDE_IN_FRAMEWORK_HEADER = YES;
				CLANG_WARN_RANGE_LOOP_ANALYSIS = YES;
				CLANG_WARN_STRICT_PROTOTYPES = YES;
				CLANG_WARN_SUSPICIOUS_MOVE = YES;
				CLANG_WARN_UNGUARDED_AVAILABILITY = YES_AGGRESSIVE;
				CLANG_WARN_UNREACHABLE_CODE = YES;
				CLANG_WARN__DUPLICATE_METHOD_MATCH = YES;
				COPY_PHASE_STRIP = NO;
				DEBUG_INFORMATION_FORMAT = "dwarf-with-dsym";
				ENABLE_NS_ASSERTIONS = NO;
				ENABLE_STRICT_OBJC_MSGSEND = YES;
				GCC_C_LANGUAGE_STANDARD = gnu11;
				GCC_NO_COMMON_BLOCKS = YES;
				GCC_WARN_64_TO_32_BIT_CONVERSION = YES;
				GCC_WARN_ABOUT_RETURN_TYPE = YES_ERROR;
				GCC_WARN_UNDECLARED_SELECTOR = YES;
				GCC_WARN_UNINITIALIZED_AUTOS = YES_AGGRESSIVE;
				GCC_WARN_UNUSED_FUNCTION = YES;
				GCC_WARN_UNUSED_VARIABLE = YES;
				IPHONEOS_DEPLOYMENT_TARGET = 15.0;
				MTL_ENABLE_DEBUG_INFO = NO;
				MTL_FAST_MATH = YES;
				SDKROOT = iphoneos;
				SWIFT_COMPILATION_MODE = wholemodule;
				SWIFT_OPTIMIZATION_LEVEL = "-O";
				VALIDATE_PRODUCT = YES;
			};
			name = Release;
		};
		BEA06C9E275093F600D05553 /* Debug */ = {
			isa = XCBuildConfiguration;
			buildSettings = {
				ASSETCATALOG_COMPILER_APPICON_NAME = AppIcon;
				ASSETCATALOG_COMPILER_GLOBAL_ACCENT_COLOR_NAME = AccentColor;
				CODE_SIGN_STYLE = Automatic;
				CURRENT_PROJECT_VERSION = 1;
				GENERATE_INFOPLIST_FILE = YES;
				INFOPLIST_FILE = EmployeesDemo/Info.plist;
				INFOPLIST_KEY_UIApplicationSupportsIndirectInputEvents = YES;
				INFOPLIST_KEY_UILaunchStoryboardName = LaunchScreen;
				INFOPLIST_KEY_UIMainStoryboardFile = Main;
				INFOPLIST_KEY_UISupportedInterfaceOrientations_iPad = "UIInterfaceOrientationPortrait UIInterfaceOrientationPortraitUpsideDown UIInterfaceOrientationLandscapeLeft UIInterfaceOrientationLandscapeRight";
				INFOPLIST_KEY_UISupportedInterfaceOrientations_iPhone = "UIInterfaceOrientationPortrait UIInterfaceOrientationLandscapeLeft UIInterfaceOrientationLandscapeRight";
				LD_RUNPATH_SEARCH_PATHS = (
					"$(inherited)",
					"@executable_path/Frameworks",
				);
				MARKETING_VERSION = 1.0;
				PRODUCT_BUNDLE_IDENTIFIER = ca.iamken.EmployeesDemo;
				PRODUCT_NAME = "$(TARGET_NAME)";
				SWIFT_EMIT_LOC_STRINGS = YES;
				SWIFT_VERSION = 5.0;
				TARGETED_DEVICE_FAMILY = "1,2";
			};
			name = Debug;
		};
		BEA06C9F275093F600D05553 /* Release */ = {
			isa = XCBuildConfiguration;
			buildSettings = {
				ASSETCATALOG_COMPILER_APPICON_NAME = AppIcon;
				ASSETCATALOG_COMPILER_GLOBAL_ACCENT_COLOR_NAME = AccentColor;
				CODE_SIGN_STYLE = Automatic;
				CURRENT_PROJECT_VERSION = 1;
				GENERATE_INFOPLIST_FILE = YES;
				INFOPLIST_FILE = EmployeesDemo/Info.plist;
				INFOPLIST_KEY_UIApplicationSupportsIndirectInputEvents = YES;
				INFOPLIST_KEY_UILaunchStoryboardName = LaunchScreen;
				INFOPLIST_KEY_UIMainStoryboardFile = Main;
				INFOPLIST_KEY_UISupportedInterfaceOrientations_iPad = "UIInterfaceOrientationPortrait UIInterfaceOrientationPortraitUpsideDown UIInterfaceOrientationLandscapeLeft UIInterfaceOrientationLandscapeRight";
				INFOPLIST_KEY_UISupportedInterfaceOrientations_iPhone = "UIInterfaceOrientationPortrait UIInterfaceOrientationLandscapeLeft UIInterfaceOrientationLandscapeRight";
				LD_RUNPATH_SEARCH_PATHS = (
					"$(inherited)",
					"@executable_path/Frameworks",
				);
				MARKETING_VERSION = 1.0;
				PRODUCT_BUNDLE_IDENTIFIER = ca.iamken.EmployeesDemo;
				PRODUCT_NAME = "$(TARGET_NAME)";
				SWIFT_EMIT_LOC_STRINGS = YES;
				SWIFT_VERSION = 5.0;
				TARGETED_DEVICE_FAMILY = "1,2";
			};
			name = Release;
		};
/* End XCBuildConfiguration section */

/* Begin XCConfigurationList section */
		BEA06C84275093F400D05553 /* Build configuration list for PBXProject "EmployeesDemo" */ = {
			isa = XCConfigurationList;
			buildConfigurations = (
				BEA06C9B275093F600D05553 /* Debug */,
				BEA06C9C275093F600D05553 /* Release */,
			);
			defaultConfigurationIsVisible = 0;
			defaultConfigurationName = Release;
		};
		BEA06C9D275093F600D05553 /* Build configuration list for PBXNativeTarget "EmployeesDemo" */ = {
			isa = XCConfigurationList;
			buildConfigurations = (
				BEA06C9E275093F600D05553 /* Debug */,
				BEA06C9F275093F600D05553 /* Release */,
			);
			defaultConfigurationIsVisible = 0;
			defaultConfigurationName = Release;
		};
/* End XCConfigurationList section */
	};
	rootObject = BEA06C81275093F400D05553 /* Project object */;
}
